
Microsoft Visual Studio Solution File, Format Version 12.00
# Visual Studio Version 17
VisualStudioVersion = 17.8.34511.84
MinimumVisualStudioVersion = 10.0.40219.1
Project("{FAE04EC0-301F-11D3-BF4B-00C04F79EFBC}") = "YTubeD", "YTubeD\YTubeD.csproj", "{A927B3D3-7A06-42C4-970D-FFD6CA8E7F57}"
EndProject
Global
	GlobalSection(SolutionConfigurationPlatforms) = preSolution
		Debug|Any CPU = Debug|Any CPU
		Release|Any CPU = Release|Any CPU
	EndGlobalSection
	GlobalSection(ProjectConfigurationPlatforms) = postSolution
		{A927B3D3-7A06-42C4-970D-FFD6CA8E7F57}.Debug|Any CPU.ActiveCfg = Debug|Any CPU
		{A927B3D3-7A06-42C4-970D-FFD6CA8E7F57}.Debug|Any CPU.Build.0 = Debug|Any CPU
		{A927B3D3-7A06-42C4-970D-FFD6CA8E7F57}.Release|Any CPU.ActiveCfg = Release|Any CPU
		{A927B3D3-7A06-42C4-970D-FFD6CA8E7F57}.Release|Any CPU.Build.0 = Release|Any CPU
	EndGlobalSection
	GlobalSection(SolutionProperties) = preSolution
		HideSolutionNode = FALSE
	EndGlobalSection
	GlobalSection(ExtensibilityGlobals) = postSolution
		SolutionGuid = {1061B868-B6DC-4A4B-A77E-3F388934F2DD}
	EndGlobalSection
EndGlobal
